
Microsoft Visual Studio Solution File, Format Version 12.00
# Visual Studio Version 17
VisualStudioVersion = 17.8.34322.80
MinimumVisualStudioVersion = 10.0.40219.1
Project("{2150E333-8FDC-42A3-9474-1A3956D46DE8}") = "src", "src", "{264CCE81-4502-4B7F-A992-FF05979D62B9}"
EndProject
Project("{9A19103F-16F7-4668-BE54-9A1E7A4F7556}") = "WebApi.Entities", "src\WebApi.Entities\WebApi.Entities.csproj", "{FDA94061-123A-4AD5-9E0E-34DF30CC2D65}"
EndProject
Project("{9A19103F-16F7-4668-BE54-9A1E7A4F7556}") = "WebApi.Data", "src\WebApi.Data\WebApi.Data.csproj", "{66479E55-2EEB-4628-8C39-B6541252EC4E}"
EndProject
Project("{9A19103F-16F7-4668-BE54-9A1E7A4F7556}") = "WebApi.Business", "src\WebApi.Business\WebApi.Business.csproj", "{53D9F6E1-358E-4D7A-93E7-3752AA7B9AE3}"
EndProject
Project("{9A19103F-16F7-4668-BE54-9A1E7A4F7556}") = "WebApi.Application", "src\WebApi.Application\WebApi.Application.csproj", "{76AF431B-643D-4606-99E5-9C7164577619}"
EndProject
Project("{2150E333-8FDC-42A3-9474-1A3956D46DE8}") = "tests", "tests", "{2BEEFCE6-11CC-41DB-98B3-F6A5C8013DA0}"
EndProject
Project("{9A19103F-16F7-4668-BE54-9A1E7A4F7556}") = "Test.WebApi.Data", "tests\Test.WebApi.Data\Test.WebApi.Data.csproj", "{13D0F1E1-9432-4ED9-B41B-19CEBFDF4FCC}"
EndProject
Project("{9A19103F-16F7-4668-BE54-9A1E7A4F7556}") = "Test.WebApi.Business", "tests\Test.WebApi.Business\Test.WebApi.Business.csproj", "{9FED75A8-8890-499D-94B5-8BF637162975}"
EndProject
Project("{2150E333-8FDC-42A3-9474-1A3956D46DE8}") = "database", "database", "{87037B08-00E4-49BB-845F-8883B12213AF}"
EndProject
Project("{00D1A9C2-B5F0-4AF3-8072-F6C62B433612}") = "Database.SqlServer", "database\Database.SqlServer\Database.SqlServer.sqlproj", "{A6FE7A16-29C5-4CA6-9014-1062EA1CD9E1}"
EndProject
Project("{9A19103F-16F7-4668-BE54-9A1E7A4F7556}") = "WebApi.Shared", "src\WebApi.Shared\WebApi.Shared.csproj", "{66FC5DFE-7AEF-4800-855F-F61A65A9BE5B}"
EndProject
Project("{FAE04EC0-301F-11D3-BF4B-00C04F79EFBC}") = "Test.WebApi.Shared", "tests\Test.WebApi.Shared\Test.WebApi.Shared.csproj", "{A2E40C16-704C-4D5F-984B-575BB4B971A0}"
EndProject
Global
	GlobalSection(SolutionConfigurationPlatforms) = preSolution
		Debug|Any CPU = Debug|Any CPU
		Release|Any CPU = Release|Any CPU
	EndGlobalSection
	GlobalSection(ProjectConfigurationPlatforms) = postSolution
		{FDA94061-123A-4AD5-9E0E-34DF30CC2D65}.Debug|Any CPU.ActiveCfg = Debug|Any CPU
		{FDA94061-123A-4AD5-9E0E-34DF30CC2D65}.Debug|Any CPU.Build.0 = Debug|Any CPU
		{FDA94061-123A-4AD5-9E0E-34DF30CC2D65}.Release|Any CPU.ActiveCfg = Release|Any CPU
		{FDA94061-123A-4AD5-9E0E-34DF30CC2D65}.Release|Any CPU.Build.0 = Release|Any CPU
		{66479E55-2EEB-4628-8C39-B6541252EC4E}.Debug|Any CPU.ActiveCfg = Debug|Any CPU
		{66479E55-2EEB-4628-8C39-B6541252EC4E}.Debug|Any CPU.Build.0 = Debug|Any CPU
		{66479E55-2EEB-4628-8C39-B6541252EC4E}.Release|Any CPU.ActiveCfg = Release|Any CPU
		{66479E55-2EEB-4628-8C39-B6541252EC4E}.Release|Any CPU.Build.0 = Release|Any CPU
		{53D9F6E1-358E-4D7A-93E7-3752AA7B9AE3}.Debug|Any CPU.ActiveCfg = Debug|Any CPU
		{53D9F6E1-358E-4D7A-93E7-3752AA7B9AE3}.Debug|Any CPU.Build.0 = Debug|Any CPU
		{53D9F6E1-358E-4D7A-93E7-3752AA7B9AE3}.Release|Any CPU.ActiveCfg = Release|Any CPU
		{53D9F6E1-358E-4D7A-93E7-3752AA7B9AE3}.Release|Any CPU.Build.0 = Release|Any CPU
		{76AF431B-643D-4606-99E5-9C7164577619}.Debug|Any CPU.ActiveCfg = Debug|Any CPU
		{76AF431B-643D-4606-99E5-9C7164577619}.Debug|Any CPU.Build.0 = Debug|Any CPU
		{76AF431B-643D-4606-99E5-9C7164577619}.Release|Any CPU.ActiveCfg = Release|Any CPU
		{76AF431B-643D-4606-99E5-9C7164577619}.Release|Any CPU.Build.0 = Release|Any CPU
		{13D0F1E1-9432-4ED9-B41B-19CEBFDF4FCC}.Debug|Any CPU.ActiveCfg = Debug|Any CPU
		{13D0F1E1-9432-4ED9-B41B-19CEBFDF4FCC}.Debug|Any CPU.Build.0 = Debug|Any CPU
		{13D0F1E1-9432-4ED9-B41B-19CEBFDF4FCC}.Release|Any CPU.ActiveCfg = Release|Any CPU
		{13D0F1E1-9432-4ED9-B41B-19CEBFDF4FCC}.Release|Any CPU.Build.0 = Release|Any CPU
		{9FED75A8-8890-499D-94B5-8BF637162975}.Debug|Any CPU.ActiveCfg = Debug|Any CPU
		{9FED75A8-8890-499D-94B5-8BF637162975}.Debug|Any CPU.Build.0 = Debug|Any CPU
		{9FED75A8-8890-499D-94B5-8BF637162975}.Release|Any CPU.ActiveCfg = Release|Any CPU
		{9FED75A8-8890-499D-94B5-8BF637162975}.Release|Any CPU.Build.0 = Release|Any CPU
		{A6FE7A16-29C5-4CA6-9014-1062EA1CD9E1}.Debug|Any CPU.ActiveCfg = Debug|Any CPU
		{A6FE7A16-29C5-4CA6-9014-1062EA1CD9E1}.Debug|Any CPU.Build.0 = Debug|Any CPU
		{A6FE7A16-29C5-4CA6-9014-1062EA1CD9E1}.Debug|Any CPU.Deploy.0 = Debug|Any CPU
		{A6FE7A16-29C5-4CA6-9014-1062EA1CD9E1}.Release|Any CPU.ActiveCfg = Release|Any CPU
		{A6FE7A16-29C5-4CA6-9014-1062EA1CD9E1}.Release|Any CPU.Build.0 = Release|Any CPU
		{A6FE7A16-29C5-4CA6-9014-1062EA1CD9E1}.Release|Any CPU.Deploy.0 = Release|Any CPU
		{66FC5DFE-7AEF-4800-855F-F61A65A9BE5B}.Debug|Any CPU.ActiveCfg = Debug|Any CPU
		{66FC5DFE-7AEF-4800-855F-F61A65A9BE5B}.Debug|Any CPU.Build.0 = Debug|Any CPU
		{66FC5DFE-7AEF-4800-855F-F61A65A9BE5B}.Release|Any CPU.ActiveCfg = Release|Any CPU
		{66FC5DFE-7AEF-4800-855F-F61A65A9BE5B}.Release|Any CPU.Build.0 = Release|Any CPU
		{A2E40C16-704C-4D5F-984B-575BB4B971A0}.Debug|Any CPU.ActiveCfg = Debug|Any CPU
		{A2E40C16-704C-4D5F-984B-575BB4B971A0}.Debug|Any CPU.Build.0 = Debug|Any CPU
		{A2E40C16-704C-4D5F-984B-575BB4B971A0}.Release|Any CPU.ActiveCfg = Release|Any CPU
		{A2E40C16-704C-4D5F-984B-575BB4B971A0}.Release|Any CPU.Build.0 = Release|Any CPU
	EndGlobalSection
	GlobalSection(SolutionProperties) = preSolution
		HideSolutionNode = FALSE
	EndGlobalSection
	GlobalSection(NestedProjects) = preSolution
		{FDA94061-123A-4AD5-9E0E-34DF30CC2D65} = {264CCE81-4502-4B7F-A992-FF05979D62B9}
		{66479E55-2EEB-4628-8C39-B6541252EC4E} = {264CCE81-4502-4B7F-A992-FF05979D62B9}
		{53D9F6E1-358E-4D7A-93E7-3752AA7B9AE3} = {264CCE81-4502-4B7F-A992-FF05979D62B9}
		{76AF431B-643D-4606-99E5-9C7164577619} = {264CCE81-4502-4B7F-A992-FF05979D62B9}
		{13D0F1E1-9432-4ED9-B41B-19CEBFDF4FCC} = {2BEEFCE6-11CC-41DB-98B3-F6A5C8013DA0}
		{9FED75A8-8890-499D-94B5-8BF637162975} = {2BEEFCE6-11CC-41DB-98B3-F6A5C8013DA0}
		{A6FE7A16-29C5-4CA6-9014-1062EA1CD9E1} = {87037B08-00E4-49BB-845F-8883B12213AF}
		{66FC5DFE-7AEF-4800-855F-F61A65A9BE5B} = {264CCE81-4502-4B7F-A992-FF05979D62B9}
		{A2E40C16-704C-4D5F-984B-575BB4B971A0} = {2BEEFCE6-11CC-41DB-98B3-F6A5C8013DA0}
	EndGlobalSection
	GlobalSection(ExtensibilityGlobals) = postSolution
		SolutionGuid = {2BFA9E9B-0C7C-4093-BF45-BC21C0ADEA31}
	EndGlobalSection
EndGlobal
